
Microsoft Visual Studio Solution File, Format Version 12.00
# Visual Studio 14
VisualStudioVersion = 14.0.25420.1
MinimumVisualStudioVersion = 10.0.40219.1
Project("{FAE04EC0-301F-11D3-BF4B-00C04F79EFBC}") = "HW7_code", "HW7_code\HW7_code.csproj", "{614A8484-C93C-4CAB-9CBB-5AFBA40C43DE}"
EndProject
Global
	GlobalSection(SolutionConfigurationPlatforms) = preSolution
		Debug|ARM = Debug|ARM
		Debug|x64 = Debug|x64
		Debug|x86 = Debug|x86
		Release|ARM = Release|ARM
		Release|x64 = Release|x64
		Release|x86 = Release|x86
	EndGlobalSection
	GlobalSection(ProjectConfigurationPlatforms) = postSolution
		{614A8484-C93C-4CAB-9CBB-5AFBA40C43DE}.Debug|ARM.ActiveCfg = Debug|ARM
		{614A8484-C93C-4CAB-9CBB-5AFBA40C43DE}.Debug|ARM.Build.0 = Debug|ARM
		{614A8484-C93C-4CAB-9CBB-5AFBA40C43DE}.Debug|ARM.Deploy.0 = Debug|ARM
		{614A8484-C93C-4CAB-9CBB-5AFBA40C43DE}.Debug|x64.ActiveCfg = Debug|x64
		{614A8484-C93C-4CAB-9CBB-5AFBA40C43DE}.Debug|x64.Build.0 = Debug|x64
		{614A8484-C93C-4CAB-9CBB-5AFBA40C43DE}.Debug|x64.Deploy.0 = Debug|x64
		{614A8484-C93C-4CAB-9CBB-5AFBA40C43DE}.Debug|x86.ActiveCfg = Debug|x86
		{614A8484-C93C-4CAB-9CBB-5AFBA40C43DE}.Debug|x86.Build.0 = Debug|x86
		{614A8484-C93C-4CAB-9CBB-5AFBA40C43DE}.Debug|x86.Deploy.0 = Debug|x86
		{614A8484-C93C-4CAB-9CBB-5AFBA40C43DE}.Release|ARM.ActiveCfg = Release|ARM
		{614A8484-C93C-4CAB-9CBB-5AFBA40C43DE}.Release|ARM.Build.0 = Release|ARM
		{614A8484-C93C-4CAB-9CBB-5AFBA40C43DE}.Release|ARM.Deploy.0 = Release|ARM
		{614A8484-C93C-4CAB-9CBB-5AFBA40C43DE}.Release|x64.ActiveCfg = Release|x64
		{614A8484-C93C-4CAB-9CBB-5AFBA40C43DE}.Release|x64.Build.0 = Release|x64
		{614A8484-C93C-4CAB-9CBB-5AFBA40C43DE}.Release|x64.Deploy.0 = Release|x64
		{614A8484-C93C-4CAB-9CBB-5AFBA40C43DE}.Release|x86.ActiveCfg = Release|x86
		{614A8484-C93C-4CAB-9CBB-5AFBA40C43DE}.Release|x86.Build.0 = Release|x86
		{614A8484-C93C-4CAB-9CBB-5AFBA40C43DE}.Release|x86.Deploy.0 = Release|x86
	EndGlobalSection
	GlobalSection(SolutionProperties) = preSolution
		HideSolutionNode = FALSE
	EndGlobalSection
EndGlobal
